
Microsoft Visual Studio Solution File, Format Version 12.00
# Visual Studio Version 17
VisualStudioVersion = 17.10.35013.160
MinimumVisualStudioVersion = 10.0.40219.1
Project("{FAE04EC0-301F-11D3-BF4B-00C04F79EFBC}") = "SQL Console", "ProgrammingSQLinC\SQL Console.csproj", "{7E327F59-6A19-4B90-A4BD-51DC851A1297}"
EndProject
Project("{FAE04EC0-301F-11D3-BF4B-00C04F79EFBC}") = "SQLLibrary", "SQLLibrary\SQLLibrary.csproj", "{FAF75918-EAFA-40A1-B018-A6610A6E5596}"
EndProject
Global
	GlobalSection(SolutionConfigurationPlatforms) = preSolution
		Debug|Any CPU = Debug|Any CPU
		Release|Any CPU = Release|Any CPU
	EndGlobalSection
	GlobalSection(ProjectConfigurationPlatforms) = postSolution
		{7E327F59-6A19-4B90-A4BD-51DC851A1297}.Debug|Any CPU.ActiveCfg = Debug|Any CPU
		{7E327F59-6A19-4B90-A4BD-51DC851A1297}.Debug|Any CPU.Build.0 = Debug|Any CPU
		{7E327F59-6A19-4B90-A4BD-51DC851A1297}.Release|Any CPU.ActiveCfg = Release|Any CPU
		{7E327F59-6A19-4B90-A4BD-51DC851A1297}.Release|Any CPU.Build.0 = Release|Any CPU
		{FAF75918-EAFA-40A1-B018-A6610A6E5596}.Debug|Any CPU.ActiveCfg = Debug|Any CPU
		{FAF75918-EAFA-40A1-B018-A6610A6E5596}.Debug|Any CPU.Build.0 = Debug|Any CPU
		{FAF75918-EAFA-40A1-B018-A6610A6E5596}.Release|Any CPU.ActiveCfg = Release|Any CPU
		{FAF75918-EAFA-40A1-B018-A6610A6E5596}.Release|Any CPU.Build.0 = Release|Any CPU
	EndGlobalSection
	GlobalSection(SolutionProperties) = preSolution
		HideSolutionNode = FALSE
	EndGlobalSection
	GlobalSection(ExtensibilityGlobals) = postSolution
		SolutionGuid = {8BB79505-60EB-4961-9210-4846BFFB7472}
	EndGlobalSection
EndGlobal
